{
  "dependencies": {
    "length-stream": {
      "version": "0.1.1",
      "dependencies": {
        "pass-stream": {
          "version": "0.1.5",
          "dependencies": {
            "readable-stream": {
              "version": "https://github.com/jeffbski/readable-stream/archive/v1.0.2-object-transform2-ret-self.tar.gz"
            }
          }
        }
      }
    }
  }
}
